// !$*UTF8*$!
{
	archiveVersion = 1;
	classes = {
	};
	objectVersion = 46;
	objects = {

/* Begin PBXBuildFile section */
		013AB8AE1E5B926D0059B48A /* AppDelegate.swift in Sources */ = {isa = PBXBuildFile; fileRef = 013AB8AD1E5B926D0059B48A /* AppDelegate.swift */; };
		013AB8B81E5B926D0059B48A /* Assets.xcassets in Resources */ = {isa = PBXBuildFile; fileRef = 013AB8B71E5B926D0059B48A /* Assets.xcassets */; };
		013AB8BB1E5B926D0059B48A /* LaunchScreen.storyboard in Resources */ = {isa = PBXBuildFile; fileRef = 013AB8B91E5B926D0059B48A /* LaunchScreen.storyboard */; };
		013AB8C81E5B93CA0059B48A /* OMDbAPI.swift in Sources */ = {isa = PBXBuildFile; fileRef = 013AB8C71E5B93CA0059B48A /* OMDbAPI.swift */; };
		013AB8CB1E5B93DE0059B48A /* Main.storyboard in Resources */ = {isa = PBXBuildFile; fileRef = 013AB8C91E5B93DE0059B48A /* Main.storyboard */; };
		013AB8CF1E5B93EB0059B48A /* MyMoviesTableViewController.swift in Sources */ = {isa = PBXBuildFile; fileRef = 013AB8CC1E5B93EB0059B48A /* MyMoviesTableViewController.swift */; };
		013AB8D01E5B93EB0059B48A /* MovieTableViewController.swift in Sources */ = {isa = PBXBuildFile; fileRef = 013AB8CD1E5B93EB0059B48A /* MovieTableViewController.swift */; };
		013AB8D11E5B93EB0059B48A /* SearchTableViewController.swift in Sources */ = {isa = PBXBuildFile; fileRef = 013AB8CE1E5B93EB0059B48A /* SearchTableViewController.swift */; };
		013AB8D61E5B93FA0059B48A /* MovieEntity.swift in Sources */ = {isa = PBXBuildFile; fileRef = 013AB8D21E5B93FA0059B48A /* MovieEntity.swift */; };
		013AB8D71E5B93FA0059B48A /* Model.xcdatamodeld in Sources */ = {isa = PBXBuildFile; fileRef = 013AB8D31E5B93FA0059B48A /* Model.xcdatamodeld */; };
		013AB8D81E5B93FA0059B48A /* MovieEntity+CoreDataProperties.swift in Sources */ = {isa = PBXBuildFile; fileRef = 013AB8D51E5B93FA0059B48A /* MovieEntity+CoreDataProperties.swift */; };
		013AB8DB1E5B94080059B48A /* MyMoviesTableViewCell.swift in Sources */ = {isa = PBXBuildFile; fileRef = 013AB8D91E5B94080059B48A /* MyMoviesTableViewCell.swift */; };
		013AB8DC1E5B94080059B48A /* SearchTableViewCell.swift in Sources */ = {isa = PBXBuildFile; fileRef = 013AB8DA1E5B94080059B48A /* SearchTableViewCell.swift */; };
		B4A95BBDD8EA241EC639CC4F /* Pods_ChallengeOMDbZ.framework in Frameworks */ = {isa = PBXBuildFile; fileRef = B39F842BBDDBD96F9DFAB9CD /* Pods_ChallengeOMDbZ.framework */; };
/* End PBXBuildFile section */

/* Begin PBXFileReference section */
		013AB8AA1E5B926D0059B48A /* ChallengeOMDbZ.app */ = {isa = PBXFileReference; explicitFileType = wrapper.application; includeInIndex = 0; path = ChallengeOMDbZ.app; sourceTree = BUILT_PRODUCTS_DIR; };
		013AB8AD1E5B926D0059B48A /* AppDelegate.swift */ = {isa = PBXFileReference; lastKnownFileType = sourcecode.swift; path = AppDelegate.swift; sourceTree = "<group>"; };
		013AB8B71E5B926D0059B48A /* Assets.xcassets */ = {isa = PBXFileReference; lastKnownFileType = folder.assetcatalog; path = Assets.xcassets; sourceTree = "<group>"; };
		013AB8BA1E5B926D0059B48A /* Base */ = {isa = PBXFileReference; lastKnownFileType = file.storyboard; name = Base; path = Base.lproj/LaunchScreen.storyboard; sourceTree = "<group>"; };
		013AB8BC1E5B926D0059B48A /* Info.plist */ = {isa = PBXFileReference; lastKnownFileType = text.plist.xml; path = Info.plist; sourceTree = "<group>"; };
		013AB8C71E5B93CA0059B48A /* OMDbAPI.swift */ = {isa = PBXFileReference; fileEncoding = 4; lastKnownFileType = sourcecode.swift; path = OMDbAPI.swift; sourceTree = "<group>"; };
		013AB8CA1E5B93DE0059B48A /* Base */ = {isa = PBXFileReference; lastKnownFileType = file.storyboard; name = Base; path = Base.lproj/Main.storyboard; sourceTree = "<group>"; };
		013AB8CC1E5B93EB0059B48A /* MyMoviesTableViewController.swift */ = {isa = PBXFileReference; fileEncoding = 4; lastKnownFileType = sourcecode.swift; path = MyMoviesTableViewController.swift; sourceTree = "<group>"; };
		013AB8CD1E5B93EB0059B48A /* MovieTableViewController.swift */ = {isa = PBXFileReference; fileEncoding = 4; lastKnownFileType = sourcecode.swift; path = MovieTableViewController.swift; sourceTree = "<group>"; };
		013AB8CE1E5B93EB0059B48A /* SearchTableViewController.swift */ = {isa = PBXFileReference; fileEncoding = 4; lastKnownFileType = sourcecode.swift; path = SearchTableViewController.swift; sourceTree = "<group>"; };
		013AB8D21E5B93FA0059B48A /* MovieEntity.swift */ = {isa = PBXFileReference; fileEncoding = 4; lastKnownFileType = sourcecode.swift; path = MovieEntity.swift; sourceTree = "<group>"; };
		013AB8D41E5B93FA0059B48A /* Model.xcdatamodel */ = {isa = PBXFileReference; lastKnownFileType = wrapper.xcdatamodel; path = Model.xcdatamodel; sourceTree = "<group>"; };
		013AB8D51E5B93FA0059B48A /* MovieEntity+CoreDataProperties.swift */ = {isa = PBXFileReference; fileEncoding = 4; lastKnownFileType = sourcecode.swift; path = "MovieEntity+CoreDataProperties.swift"; sourceTree = "<group>"; };
		013AB8D91E5B94080059B48A /* MyMoviesTableViewCell.swift */ = {isa = PBXFileReference; fileEncoding = 4; lastKnownFileType = sourcecode.swift; path = MyMoviesTableViewCell.swift; sourceTree = "<group>"; };
		013AB8DA1E5B94080059B48A /* SearchTableViewCell.swift */ = {isa = PBXFileReference; fileEncoding = 4; lastKnownFileType = sourcecode.swift; path = SearchTableViewCell.swift; sourceTree = "<group>"; };
		5E42C671721D35112C965B5A /* Pods-ChallengeOMDbZ.release.xcconfig */ = {isa = PBXFileReference; includeInIndex = 1; lastKnownFileType = text.xcconfig; name = "Pods-ChallengeOMDbZ.release.xcconfig"; path = "Pods/Target Support Files/Pods-ChallengeOMDbZ/Pods-ChallengeOMDbZ.release.xcconfig"; sourceTree = "<group>"; };
		B39F842BBDDBD96F9DFAB9CD /* Pods_ChallengeOMDbZ.framework */ = {isa = PBXFileReference; explicitFileType = wrapper.framework; includeInIndex = 0; path = Pods_ChallengeOMDbZ.framework; sourceTree = BUILT_PRODUCTS_DIR; };
		EC90382E2571651F9B138ED4 /* Pods-ChallengeOMDbZ.debug.xcconfig */ = {isa = PBXFileReference; includeInIndex = 1; lastKnownFileType = text.xcconfig; name = "Pods-ChallengeOMDbZ.debug.xcconfig"; path = "Pods/Target Support Files/Pods-ChallengeOMDbZ/Pods-ChallengeOMDbZ.debug.xcconfig"; sourceTree = "<group>"; };
/* End PBXFileReference section */

/* Begin PBXFrameworksBuildPhase section */
		013AB8A71E5B926D0059B48A /* Frameworks */ = {
			isa = PBXFrameworksBuildPhase;
			buildActionMask = 2147483647;
			files = (
				B4A95BBDD8EA241EC639CC4F /* Pods_ChallengeOMDbZ.framework in Frameworks */,
			);
			runOnlyForDeploymentPostprocessing = 0;
		};
/* End PBXFrameworksBuildPhase section */

/* Begin PBXGroup section */
		013AB8A11E5B926D0059B48A = {
			isa = PBXGroup;
			children = (
				013AB8AC1E5B926D0059B48A /* ChallengeOMDbZ */,
				013AB8AB1E5B926D0059B48A /* Products */,
				66823112406F116DEDCAB8F4 /* Pods */,
				18E095E317578DE2066079DE /* Frameworks */,
			);
			sourceTree = "<group>";
		};
		013AB8AB1E5B926D0059B48A /* Products */ = {
			isa = PBXGroup;
			children = (
				013AB8AA1E5B926D0059B48A /* ChallengeOMDbZ.app */,
			);
			name = Products;
			sourceTree = "<group>";
		};
		013AB8AC1E5B926D0059B48A /* ChallengeOMDbZ */ = {
			isa = PBXGroup;
			children = (
				013AB8C51E5B92CB0059B48A /* Network */,
				013AB8C41E5B92A70059B48A /* View */,
				013AB8C31E5B928B0059B48A /* Controller */,
				013AB8C21E5B92860059B48A /* Model */,
				013AB8C61E5B92E10059B48A /* Supporting Files */,
			);
			path = ChallengeOMDbZ;
			sourceTree = "<group>";
		};
		013AB8C21E5B92860059B48A /* Model */ = {
			isa = PBXGroup;
			children = (
				013AB8D21E5B93FA0059B48A /* MovieEntity.swift */,
				013AB8D31E5B93FA0059B48A /* Model.xcdatamodeld */,
				013AB8D51E5B93FA0059B48A /* MovieEntity+CoreDataProperties.swift */,
			);
			name = Model;
			sourceTree = "<group>";
		};
		013AB8C31E5B928B0059B48A /* Controller */ = {
			isa = PBXGroup;
			children = (
				013AB8CC1E5B93EB0059B48A /* MyMoviesTableViewController.swift */,
				013AB8CD1E5B93EB0059B48A /* MovieTableViewController.swift */,
				013AB8CE1E5B93EB0059B48A /* SearchTableViewController.swift */,
			);
			name = Controller;
			sourceTree = "<group>";
		};
		013AB8C41E5B92A70059B48A /* View */ = {
			isa = PBXGroup;
			children = (
				013AB8D91E5B94080059B48A /* MyMoviesTableViewCell.swift */,
				013AB8DA1E5B94080059B48A /* SearchTableViewCell.swift */,
				013AB8C91E5B93DE0059B48A /* Main.storyboard */,
			);
			name = View;
			sourceTree = "<group>";
		};
		013AB8C51E5B92CB0059B48A /* Network */ = {
			isa = PBXGroup;
			children = (
				013AB8C71E5B93CA0059B48A /* OMDbAPI.swift */,
			);
			name = Network;
			sourceTree = "<group>";
		};
		013AB8C61E5B92E10059B48A /* Supporting Files */ = {
			isa = PBXGroup;
			children = (
				013AB8AD1E5B926D0059B48A /* AppDelegate.swift */,
				013AB8B71E5B926D0059B48A /* Assets.xcassets */,
				013AB8B91E5B926D0059B48A /* LaunchScreen.storyboard */,
				013AB8BC1E5B926D0059B48A /* Info.plist */,
			);
			name = "Supporting Files";
			sourceTree = "<group>";
		};
		18E095E317578DE2066079DE /* Frameworks */ = {
			isa = PBXGroup;
			children = (
				B39F842BBDDBD96F9DFAB9CD /* Pods_ChallengeOMDbZ.framework */,
			);
			name = Frameworks;
			sourceTree = "<group>";
		};
		66823112406F116DEDCAB8F4 /* Pods */ = {
			isa = PBXGroup;
			children = (
				EC90382E2571651F9B138ED4 /* Pods-ChallengeOMDbZ.debug.xcconfig */,
				5E42C671721D35112C965B5A /* Pods-ChallengeOMDbZ.release.xcconfig */,
			);
			name = Pods;
			sourceTree = "<group>";
		};
/* End PBXGroup section */

/* Begin PBXNativeTarget section */
		013AB8A91E5B926D0059B48A /* ChallengeOMDbZ */ = {
			isa = PBXNativeTarget;
			buildConfigurationList = 013AB8BF1E5B926D0059B48A /* Build configuration list for PBXNativeTarget "ChallengeOMDbZ" */;
			buildPhases = (
				0AA676B8C0B832A0D8861DB8 /* [CP] Check Pods Manifest.lock */,
				013AB8A61E5B926D0059B48A /* Sources */,
				013AB8A71E5B926D0059B48A /* Frameworks */,
				013AB8A81E5B926D0059B48A /* Resources */,
				77D05ADC27A515FC816A2A9D /* [CP] Embed Pods Frameworks */,
				020F4C17FAF75F0C0A2AB34D /* [CP] Copy Pods Resources */,
			);
			buildRules = (
			);
			dependencies = (
			);
			name = ChallengeOMDbZ;
			productName = ChallengeOMDbZ;
			productReference = 013AB8AA1E5B926D0059B48A /* ChallengeOMDbZ.app */;
			productType = "com.apple.product-type.application";
		};
/* End PBXNativeTarget section */

/* Begin PBXProject section */
		013AB8A21E5B926D0059B48A /* Project object */ = {
			isa = PBXProject;
			attributes = {
				LastSwiftUpdateCheck = 0820;
				LastUpgradeCheck = 0820;
				ORGANIZATIONNAME = "Richard Frank";
				TargetAttributes = {
					013AB8A91E5B926D0059B48A = {
						CreatedOnToolsVersion = 8.2.1;
						DevelopmentTeam = FHWP9WUJMV;
						ProvisioningStyle = Automatic;
					};
				};
			};
			buildConfigurationList = 013AB8A51E5B926D0059B48A /* Build configuration list for PBXProject "ChallengeOMDbZ" */;
			compatibilityVersion = "Xcode 3.2";
			developmentRegion = English;
			hasScannedForEncodings = 0;
			knownRegions = (
				en,
				Base,
			);
			mainGroup = 013AB8A11E5B926D0059B48A;
			productRefGroup = 013AB8AB1E5B926D0059B48A /* Products */;
			projectDirPath = "";
			projectRoot = "";
			targets = (
				013AB8A91E5B926D0059B48A /* ChallengeOMDbZ */,
			);
		};
/* End PBXProject section */

/* Begin PBXResourcesBuildPhase section */
		013AB8A81E5B926D0059B48A /* Resources */ = {
			isa = PBXResourcesBuildPhase;
			buildActionMask = 2147483647;
			files = (
				013AB8CB1E5B93DE0059B48A /* Main.storyboard in Resources */,
				013AB8BB1E5B926D0059B48A /* LaunchScreen.storyboard in Resources */,
				013AB8B81E5B926D0059B48A /* Assets.xcassets in Resources */,
			);
			runOnlyForDeploymentPostprocessing = 0;
		};
/* End PBXResourcesBuildPhase section */

/* Begin PBXShellScriptBuildPhase section */
		020F4C17FAF75F0C0A2AB34D /* [CP] Copy Pods Resources */ = {
			isa = PBXShellScriptBuildPhase;
			buildActionMask = 2147483647;
			files = (
			);
			inputPaths = (
			);
			name = "[CP] Copy Pods Resources";
			outputPaths = (
			);
			runOnlyForDeploymentPostprocessing = 0;
			shellPath = /bin/sh;
			shellScript = "\"${SRCROOT}/Pods/Target Support Files/Pods-ChallengeOMDbZ/Pods-ChallengeOMDbZ-resources.sh\"\n";
			showEnvVarsInLog = 0;
		};
		0AA676B8C0B832A0D8861DB8 /* [CP] Check Pods Manifest.lock */ = {
			isa = PBXShellScriptBuildPhase;
			buildActionMask = 2147483647;
			files = (
			);
			inputPaths = (
			);
			name = "[CP] Check Pods Manifest.lock";
			outputPaths = (
			);
			runOnlyForDeploymentPostprocessing = 0;
			shellPath = /bin/sh;
			shellScript = "diff \"${PODS_ROOT}/../Podfile.lock\" \"${PODS_ROOT}/Manifest.lock\" > /dev/null\nif [ $? != 0 ] ; then\n    # print error to STDERR\n    echo \"error: The sandbox is not in sync with the Podfile.lock. Run 'pod install' or update your CocoaPods installation.\" >&2\n    exit 1\nfi\n";
			showEnvVarsInLog = 0;
		};
		77D05ADC27A515FC816A2A9D /* [CP] Embed Pods Frameworks */ = {
			isa = PBXShellScriptBuildPhase;
			buildActionMask = 2147483647;
			files = (
			);
			inputPaths = (
			);
			name = "[CP] Embed Pods Frameworks";
			outputPaths = (
			);
			runOnlyForDeploymentPostprocessing = 0;
			shellPath = /bin/sh;
			shellScript = "\"${SRCROOT}/Pods/Target Support Files/Pods-ChallengeOMDbZ/Pods-ChallengeOMDbZ-frameworks.sh\"\n";
			showEnvVarsInLog = 0;
		};
/* End PBXShellScriptBuildPhase section */

/* Begin PBXSourcesBuildPhase section */
		013AB8A61E5B926D0059B48A /* Sources */ = {
			isa = PBXSourcesBuildPhase;
			buildActionMask = 2147483647;
			files = (
				013AB8D01E5B93EB0059B48A /* MovieTableViewController.swift in Sources */,
				013AB8C81E5B93CA0059B48A /* OMDbAPI.swift in Sources */,
				013AB8D11E5B93EB0059B48A /* SearchTableViewController.swift in Sources */,
				013AB8D71E5B93FA0059B48A /* Model.xcdatamodeld in Sources */,
				013AB8D61E5B93FA0059B48A /* MovieEntity.swift in Sources */,
				013AB8DB1E5B94080059B48A /* MyMoviesTableViewCell.swift in Sources */,
				013AB8CF1E5B93EB0059B48A /* MyMoviesTableViewController.swift in Sources */,
				013AB8AE1E5B926D0059B48A /* AppDelegate.swift in Sources */,
				013AB8D81E5B93FA0059B48A /* MovieEntity+CoreDataProperties.swift in Sources */,
				013AB8DC1E5B94080059B48A /* SearchTableViewCell.swift in Sources */,
			);
			runOnlyForDeploymentPostprocessing = 0;
		};
/* End PBXSourcesBuildPhase section */

/* Begin PBXVariantGroup section */
		013AB8B91E5B926D0059B48A /* LaunchScreen.storyboard */ = {
			isa = PBXVariantGroup;
			children = (
				013AB8BA1E5B926D0059B48A /* Base */,
			);
			name = LaunchScreen.storyboard;
			sourceTree = "<group>";
		};
		013AB8C91E5B93DE0059B48A /* Main.storyboard */ = {
			isa = PBXVariantGroup;
			children = (
				013AB8CA1E5B93DE0059B48A /* Base */,
			);
			name = Main.storyboard;
			sourceTree = "<group>";
		};
/* End PBXVariantGroup section */

/* Begin XCBuildConfiguration section */
		013AB8BD1E5B926D0059B48A /* Debug */ = {
			isa = XCBuildConfiguration;
			buildSettings = {
				ALWAYS_SEARCH_USER_PATHS = NO;
				CLANG_ANALYZER_NONNULL = YES;
				CLANG_CXX_LANGUAGE_STANDARD = "gnu++0x";
				CLANG_CXX_LIBRARY = "libc++";
				CLANG_ENABLE_MODULES = YES;
				CLANG_ENABLE_OBJC_ARC = YES;
				CLANG_WARN_BOOL_CONVERSION = YES;
				CLANG_WARN_CONSTANT_CONVERSION = YES;
				CLANG_WARN_DIRECT_OBJC_ISA_USAGE = YES_ERROR;
				CLANG_WARN_DOCUMENTATION_COMMENTS = YES;
				CLANG_WARN_EMPTY_BODY = YES;
				CLANG_WARN_ENUM_CONVERSION = YES;
				CLANG_WARN_INFINITE_RECURSION = YES;
				CLANG_WARN_INT_CONVERSION = YES;
				CLANG_WARN_OBJC_ROOT_CLASS = YES_ERROR;
				CLANG_WARN_SUSPICIOUS_MOVE = YES;
				CLANG_WARN_UNREACHABLE_CODE = YES;
				CLANG_WARN__DUPLICATE_METHOD_MATCH = YES;
				"CODE_SIGN_IDENTITY[sdk=iphoneos*]" = "iPhone Developer";
				COPY_PHASE_STRIP = NO;
				DEBUG_INFORMATION_FORMAT = dwarf;
				ENABLE_STRICT_OBJC_MSGSEND = YES;
				ENABLE_TESTABILITY = YES;
				GCC_C_LANGUAGE_STANDARD = gnu99;
				GCC_DYNAMIC_NO_PIC = NO;
				GCC_NO_COMMON_BLOCKS = YES;
				GCC_OPTIMIZATION_LEVEL = 0;
				GCC_PREPROCESSOR_DEFINITIONS = (
					"DEBUG=1",
					"$(inherited)",
				);
				GCC_WARN_64_TO_32_BIT_CONVERSION = YES;
				GCC_WARN_ABOUT_RETURN_TYPE = YES_ERROR;
				GCC_WARN_UNDECLARED_SELECTOR = YES;
				GCC_WARN_UNINITIALIZED_AUTOS = YES_AGGRESSIVE;
				GCC_WARN_UNUSED_FUNCTION = YES;
				GCC_WARN_UNUSED_VARIABLE = YES;
				IPHONEOS_DEPLOYMENT_TARGET = 10.2;
				MTL_ENABLE_DEBUG_INFO = YES;
				ONLY_ACTIVE_ARCH = YES;
				SDKROOT = iphoneos;
				SWIFT_ACTIVE_COMPILATION_CONDITIONS = DEBUG;
				SWIFT_OPTIMIZATION_LEVEL = "-Onone";
			};
			name = Debug;
		};
		013AB8BE1E5B926D0059B48A /* Release */ = {
			isa = XCBuildConfiguration;
			buildSettings = {
				ALWAYS_SEARCH_USER_PATHS = NO;
				CLANG_ANALYZER_NONNULL = YES;
				CLANG_CXX_LANGUAGE_STANDARD = "gnu++0x";
				CLANG_CXX_LIBRARY = "libc++";
				CLANG_ENABLE_MODULES = YES;
				CLANG_ENABLE_OBJC_ARC = YES;
				CLANG_WARN_BOOL_CONVERSION = YES;
				CLANG_WARN_CONSTANT_CONVERSION = YES;
				CLANG_WARN_DIRECT_OBJC_ISA_USAGE = YES_ERROR;
				CLANG_WARN_DOCUMENTATION_COMMENTS = YES;
				CLANG_WARN_EMPTY_BODY = YES;
				CLANG_WARN_ENUM_CONVERSION = YES;
				CLANG_WARN_INFINITE_RECURSION = YES;
				CLANG_WARN_INT_CONVERSION = YES;
				CLANG_WARN_OBJC_ROOT_CLASS = YES_ERROR;
				CLANG_WARN_SUSPICIOUS_MOVE = YES;
				CLANG_WARN_UNREACHABLE_CODE = YES;
				CLANG_WARN__DUPLICATE_METHOD_MATCH = YES;
				"CODE_SIGN_IDENTITY[sdk=iphoneos*]" = "iPhone Developer";
				COPY_PHASE_STRIP = NO;
				DEBUG_INFORMATION_FORMAT = "dwarf-with-dsym";
				ENABLE_NS_ASSERTIONS = NO;
				ENABLE_STRICT_OBJC_MSGSEND = YES;
				GCC_C_LANGUAGE_STANDARD = gnu99;
				GCC_NO_COMMON_BLOCKS = YES;
				GCC_WARN_64_TO_32_BIT_CONVERSION = YES;
				GCC_WARN_ABOUT_RETURN_TYPE = YES_ERROR;
				GCC_WARN_UNDECLARED_SELECTOR = YES;
				GCC_WARN_UNINITIALIZED_AUTOS = YES_AGGRESSIVE;
				GCC_WARN_UNUSED_FUNCTION = YES;
				GCC_WARN_UNUSED_VARIABLE = YES;
				IPHONEOS_DEPLOYMENT_TARGET = 10.2;
				MTL_ENABLE_DEBUG_INFO = NO;
				SDKROOT = iphoneos;
				SWIFT_OPTIMIZATION_LEVEL = "-Owholemodule";
				VALIDATE_PRODUCT = YES;
			};
			name = Release;
		};
		013AB8C01E5B926D0059B48A /* Debug */ = {
			isa = XCBuildConfiguration;
			baseConfigurationReference = EC90382E2571651F9B138ED4 /* Pods-ChallengeOMDbZ.debug.xcconfig */;
			buildSettings = {
				ASSETCATALOG_COMPILER_APPICON_NAME = AppIcon;
				DEVELOPMENT_TEAM = FHWP9WUJMV;
				INFOPLIST_FILE = ChallengeOMDbZ/Info.plist;
				LD_RUNPATH_SEARCH_PATHS = "$(inherited) @executable_path/Frameworks";
				PRODUCT_BUNDLE_IDENTIFIER = com.richardfrk.ChallengeOMDbZ;
				PRODUCT_NAME = "$(TARGET_NAME)";
				SWIFT_VERSION = 3.0;
			};
			name = Debug;
		};
		013AB8C11E5B926D0059B48A /* Release */ = {
			isa = XCBuildConfiguration;
			baseConfigurationReference = 5E42C671721D35112C965B5A /* Pods-ChallengeOMDbZ.release.xcconfig */;
			buildSettings = {
				ASSETCATALOG_COMPILER_APPICON_NAME = AppIcon;
				DEVELOPMENT_TEAM = FHWP9WUJMV;
				INFOPLIST_FILE = ChallengeOMDbZ/Info.plist;
				LD_RUNPATH_SEARCH_PATHS = "$(inherited) @executable_path/Frameworks";
				PRODUCT_BUNDLE_IDENTIFIER = com.richardfrk.ChallengeOMDbZ;
				PRODUCT_NAME = "$(TARGET_NAME)";
				SWIFT_VERSION = 3.0;
			};
			name = Release;
		};
/* End XCBuildConfiguration section */

/* Begin XCConfigurationList section */
		013AB8A51E5B926D0059B48A /* Build configuration list for PBXProject "ChallengeOMDbZ" */ = {
			isa = XCConfigurationList;
			buildConfigurations = (
				013AB8BD1E5B926D0059B48A /* Debug */,
				013AB8BE1E5B926D0059B48A /* Release */,
			);
			defaultConfigurationIsVisible = 0;
			defaultConfigurationName = Release;
		};
		013AB8BF1E5B926D0059B48A /* Build configuration list for PBXNativeTarget "ChallengeOMDbZ" */ = {
			isa = XCConfigurationList;
			buildConfigurations = (
				013AB8C01E5B926D0059B48A /* Debug */,
				013AB8C11E5B926D0059B48A /* Release */,
			);
			defaultConfigurationIsVisible = 0;
			defaultConfigurationName = Release;
		};
/* End XCConfigurationList section */

/* Begin XCVersionGroup section */
		013AB8D31E5B93FA0059B48A /* Model.xcdatamodeld */ = {
			isa = XCVersionGroup;
			children = (
				013AB8D41E5B93FA0059B48A /* Model.xcdatamodel */,
			);
			currentVersion = 013AB8D41E5B93FA0059B48A /* Model.xcdatamodel */;
			path = Model.xcdatamodeld;
			sourceTree = "<group>";
			versionGroupType = wrapper.xcdatamodel;
		};
/* End XCVersionGroup section */
	};
	rootObject = 013AB8A21E5B926D0059B48A /* Project object */;
}
